
Microsoft Visual Studio Solution File, Format Version 12.00
# Visual Studio Version 17
VisualStudioVersion = 17.9.34902.65
MinimumVisualStudioVersion = 10.0.40219.1
Project("{9A19103F-16F7-4668-BE54-9A1E7A4F7556}") = "WebApi", "WebApi\WebApi.csproj", "{E3A4655E-6CC2-4A7A-8C55-EE8A4BFB4D8B}"
EndProject
Project("{FAE04EC0-301F-11D3-BF4B-00C04F79EFBC}") = "Persistance", "Persistance\Persistance.csproj", "{A3A4A8C4-A881-494C-835D-5B85D1DBCAE3}"
EndProject
Project("{FAE04EC0-301F-11D3-BF4B-00C04F79EFBC}") = "Domain", "Domain\Domain.csproj", "{8159A4E2-345B-40AC-9C4E-85231194480C}"
EndProject
Project("{FAE04EC0-301F-11D3-BF4B-00C04F79EFBC}") = "Application", "Application\Application.csproj", "{83DC1F17-1A91-4C9E-8253-21D1823EF5B5}"
EndProject
Project("{FAE04EC0-301F-11D3-BF4B-00C04F79EFBC}") = "Infrastructrue", "Infrastructrue\Infrastructrue.csproj", "{7E811F35-0694-4CAE-93C6-C43BF2BA3E72}"
EndProject
Global
	GlobalSection(SolutionConfigurationPlatforms) = preSolution
		Debug|Any CPU = Debug|Any CPU
		Release|Any CPU = Release|Any CPU
	EndGlobalSection
	GlobalSection(ProjectConfigurationPlatforms) = postSolution
		{E3A4655E-6CC2-4A7A-8C55-EE8A4BFB4D8B}.Debug|Any CPU.ActiveCfg = Debug|Any CPU
		{E3A4655E-6CC2-4A7A-8C55-EE8A4BFB4D8B}.Debug|Any CPU.Build.0 = Debug|Any CPU
		{E3A4655E-6CC2-4A7A-8C55-EE8A4BFB4D8B}.Release|Any CPU.ActiveCfg = Release|Any CPU
		{E3A4655E-6CC2-4A7A-8C55-EE8A4BFB4D8B}.Release|Any CPU.Build.0 = Release|Any CPU
		{A3A4A8C4-A881-494C-835D-5B85D1DBCAE3}.Debug|Any CPU.ActiveCfg = Debug|Any CPU
		{A3A4A8C4-A881-494C-835D-5B85D1DBCAE3}.Debug|Any CPU.Build.0 = Debug|Any CPU
		{A3A4A8C4-A881-494C-835D-5B85D1DBCAE3}.Release|Any CPU.ActiveCfg = Release|Any CPU
		{A3A4A8C4-A881-494C-835D-5B85D1DBCAE3}.Release|Any CPU.Build.0 = Release|Any CPU
		{8159A4E2-345B-40AC-9C4E-85231194480C}.Debug|Any CPU.ActiveCfg = Debug|Any CPU
		{8159A4E2-345B-40AC-9C4E-85231194480C}.Debug|Any CPU.Build.0 = Debug|Any CPU
		{8159A4E2-345B-40AC-9C4E-85231194480C}.Release|Any CPU.ActiveCfg = Release|Any CPU
		{8159A4E2-345B-40AC-9C4E-85231194480C}.Release|Any CPU.Build.0 = Release|Any CPU
		{83DC1F17-1A91-4C9E-8253-21D1823EF5B5}.Debug|Any CPU.ActiveCfg = Debug|Any CPU
		{83DC1F17-1A91-4C9E-8253-21D1823EF5B5}.Debug|Any CPU.Build.0 = Debug|Any CPU
		{83DC1F17-1A91-4C9E-8253-21D1823EF5B5}.Release|Any CPU.ActiveCfg = Release|Any CPU
		{83DC1F17-1A91-4C9E-8253-21D1823EF5B5}.Release|Any CPU.Build.0 = Release|Any CPU
		{7E811F35-0694-4CAE-93C6-C43BF2BA3E72}.Debug|Any CPU.ActiveCfg = Debug|Any CPU
		{7E811F35-0694-4CAE-93C6-C43BF2BA3E72}.Debug|Any CPU.Build.0 = Debug|Any CPU
		{7E811F35-0694-4CAE-93C6-C43BF2BA3E72}.Release|Any CPU.ActiveCfg = Release|Any CPU
		{7E811F35-0694-4CAE-93C6-C43BF2BA3E72}.Release|Any CPU.Build.0 = Release|Any CPU
	EndGlobalSection
	GlobalSection(SolutionProperties) = preSolution
		HideSolutionNode = FALSE
	EndGlobalSection
	GlobalSection(ExtensibilityGlobals) = postSolution
		SolutionGuid = {AF86D0B8-376F-4F6B-83B3-F8906656572A}
	EndGlobalSection
EndGlobal
