
Microsoft Visual Studio Solution File, Format Version 12.00
# Visual Studio Version 17
VisualStudioVersion = 17.9.34902.65
MinimumVisualStudioVersion = 10.0.40219.1
Project("{FAE04EC0-301F-11D3-BF4B-00C04F79EFBC}") = "core.Persistence", "core.Persistence\core.Persistence.csproj", "{D1367BB0-69E4-4653-B75D-9741895A3C4C}"
EndProject
Global
	GlobalSection(SolutionConfigurationPlatforms) = preSolution
		Debug|Any CPU = Debug|Any CPU
		Release|Any CPU = Release|Any CPU
	EndGlobalSection
	GlobalSection(ProjectConfigurationPlatforms) = postSolution
		{D1367BB0-69E4-4653-B75D-9741895A3C4C}.Debug|Any CPU.ActiveCfg = Debug|Any CPU
		{D1367BB0-69E4-4653-B75D-9741895A3C4C}.Debug|Any CPU.Build.0 = Debug|Any CPU
		{D1367BB0-69E4-4653-B75D-9741895A3C4C}.Release|Any CPU.ActiveCfg = Release|Any CPU
		{D1367BB0-69E4-4653-B75D-9741895A3C4C}.Release|Any CPU.Build.0 = Release|Any CPU
	EndGlobalSection
	GlobalSection(SolutionProperties) = preSolution
		HideSolutionNode = FALSE
	EndGlobalSection
	GlobalSection(ExtensibilityGlobals) = postSolution
		SolutionGuid = {9B6CA9EF-7C49-4119-BE14-A80D018D0E14}
	EndGlobalSection
EndGlobal
